
Microsoft Visual Studio Solution File, Format Version 12.00
# Visual Studio Version 16
VisualStudioVersion = 16.0.29509.3
MinimumVisualStudioVersion = 10.0.40219.1
Project("{FAE04EC0-301F-11D3-BF4B-00C04F79EFBC}") = "CursoAula", "CursoAula\CursoAula.csproj", "{B46A8E08-F737-4F66-B577-962BEDF9B382}"
EndProject
Global
	GlobalSection(SolutionConfigurationPlatforms) = preSolution
		Debug|Any CPU = Debug|Any CPU
		Release|Any CPU = Release|Any CPU
	EndGlobalSection
	GlobalSection(ProjectConfigurationPlatforms) = postSolution
		{B46A8E08-F737-4F66-B577-962BEDF9B382}.Debug|Any CPU.ActiveCfg = Debug|Any CPU
		{B46A8E08-F737-4F66-B577-962BEDF9B382}.Debug|Any CPU.Build.0 = Debug|Any CPU
		{B46A8E08-F737-4F66-B577-962BEDF9B382}.Release|Any CPU.ActiveCfg = Release|Any CPU
		{B46A8E08-F737-4F66-B577-962BEDF9B382}.Release|Any CPU.Build.0 = Release|Any CPU
	EndGlobalSection
	GlobalSection(SolutionProperties) = preSolution
		HideSolutionNode = FALSE
	EndGlobalSection
	GlobalSection(ExtensibilityGlobals) = postSolution
		SolutionGuid = {02F93004-232A-496E-93CF-5DCE2E842C69}
	EndGlobalSection
EndGlobal
